
Microsoft Visual Studio Solution File, Format Version 12.00
# Visual Studio 2013
VisualStudioVersion = 12.0.20617.1 PREVIEW
MinimumVisualStudioVersion = 10.0.40219.1
Project("{8BC9CEB8-8B4A-11D0-8D11-00A0C91BC942}") = "Waffle.common.1.0.dll", "..\Waffle\Waffle.common.1.0.dll\Waffle.common.1.0.dll.vcxproj", "{9DE226A0-8EE0-4F11-83D0-15DB3BA76BCE}"
EndProject
Project("{8BC9CEB8-8B4A-11D0-8D11-00A0C91BC942}") = "Waffle.exe", "..\Waffle\Waffle.exe\Waffle.exe.vcxproj", "{BDFFB373-FB80-4470-8DDE-14E906A5CBC2}"
EndProject
Project("{8BC9CEB8-8B4A-11D0-8D11-00A0C91BC942}") = "Mojibake.core.1.0.dll", "..\Mojibake\Mojibake.core.1.0.dll\Mojibake.core.1.0.dll.vcxproj", "{A12814BB-9FAF-40CD-ADEE-95D58D092B3B}"
EndProject
Global
	GlobalSection(SolutionConfigurationPlatforms) = preSolution
		Debug|Win32 = Debug|Win32
		Release|Win32 = Release|Win32
	EndGlobalSection
	GlobalSection(ProjectConfigurationPlatforms) = postSolution
		{9DE226A0-8EE0-4F11-83D0-15DB3BA76BCE}.Debug|Win32.ActiveCfg = Debug|Win32
		{9DE226A0-8EE0-4F11-83D0-15DB3BA76BCE}.Debug|Win32.Build.0 = Debug|Win32
		{9DE226A0-8EE0-4F11-83D0-15DB3BA76BCE}.Release|Win32.ActiveCfg = Release|Win32
		{9DE226A0-8EE0-4F11-83D0-15DB3BA76BCE}.Release|Win32.Build.0 = Release|Win32
		{BDFFB373-FB80-4470-8DDE-14E906A5CBC2}.Debug|Win32.ActiveCfg = Debug|Win32
		{BDFFB373-FB80-4470-8DDE-14E906A5CBC2}.Debug|Win32.Build.0 = Debug|Win32
		{BDFFB373-FB80-4470-8DDE-14E906A5CBC2}.Release|Win32.ActiveCfg = Release|Win32
		{BDFFB373-FB80-4470-8DDE-14E906A5CBC2}.Release|Win32.Build.0 = Release|Win32
		{A12814BB-9FAF-40CD-ADEE-95D58D092B3B}.Debug|Win32.ActiveCfg = Debug|Win32
		{A12814BB-9FAF-40CD-ADEE-95D58D092B3B}.Debug|Win32.Build.0 = Debug|Win32
		{A12814BB-9FAF-40CD-ADEE-95D58D092B3B}.Release|Win32.ActiveCfg = Release|Win32
		{A12814BB-9FAF-40CD-ADEE-95D58D092B3B}.Release|Win32.Build.0 = Release|Win32
	EndGlobalSection
	GlobalSection(SolutionProperties) = preSolution
		HideSolutionNode = FALSE
	EndGlobalSection
EndGlobal
