
Microsoft Visual Studio Solution File, Format Version 12.00
# Visual Studio 2013
VisualStudioVersion = 12.0.30110.0
MinimumVisualStudioVersion = 10.0.40219.1
Project("{8BC9CEB8-8B4A-11D0-8D11-00A0C91BC942}") = "Waffle.common.1.0.dll", "..\Waffle\Waffle.common.1.0.dll\Waffle.common.1.0.dll.vcxproj", "{9DE226A0-8EE0-4F11-83D0-15DB3BA76BCE}"
EndProject
Project("{8BC9CEB8-8B4A-11D0-8D11-00A0C91BC942}") = "Waffle.exe", "..\Waffle\Waffle.exe\Waffle.exe.vcxproj", "{BDFFB373-FB80-4470-8DDE-14E906A5CBC2}"
	ProjectSection(ProjectDependencies) = postProject
		{9DE226A0-8EE0-4F11-83D0-15DB3BA76BCE} = {9DE226A0-8EE0-4F11-83D0-15DB3BA76BCE}
	EndProjectSection
EndProject
Project("{8BC9CEB8-8B4A-11D0-8D11-00A0C91BC942}") = "Mojibake.core.1.0.dll", "..\Mojibake\Mojibake.core.1.0.dll\Mojibake.core.1.0.dll.vcxproj", "{A12814BB-9FAF-40CD-ADEE-95D58D092B3B}"
	ProjectSection(ProjectDependencies) = postProject
		{9DE226A0-8EE0-4F11-83D0-15DB3BA76BCE} = {9DE226A0-8EE0-4F11-83D0-15DB3BA76BCE}
	EndProjectSection
EndProject
Project("{2150E333-8FDC-42A3-9474-1A3956D46DE8}") = "Mojibake", "Mojibake", "{4F44CE89-F1FD-4962-ABC8-652E40E7F0E6}"
EndProject
Project("{2150E333-8FDC-42A3-9474-1A3956D46DE8}") = "Waffle", "Waffle", "{DB498AAF-B98F-4670-818A-54BA22A9D976}"
EndProject
Project("{2150E333-8FDC-42A3-9474-1A3956D46DE8}") = "PomiCo", "PomiCo", "{ACE7AD1C-46B0-40B6-A8A9-CF8F69D226D2}"
EndProject
Project("{8BC9CEB8-8B4A-11D0-8D11-00A0C91BC942}") = "PomiCo.res.2.35.dll", "..\PomiCo\PomiCo.res.2.35.dll\PomiCo.res.2.35.dll.vcxproj", "{30000C06-C81C-4575-98CA-E4D362F9E42E}"
EndProject
Project("{8BC9CEB8-8B4A-11D0-8D11-00A0C91BC942}") = "PomiCo.core.1.0.dll", "..\PomiCo\PomiCo.core.1.0.dll\PomiCo.core.1.0.dll.vcxproj", "{4EEE6038-7BB5-4965-99CF-39F13AA23EFB}"
	ProjectSection(ProjectDependencies) = postProject
		{9DE226A0-8EE0-4F11-83D0-15DB3BA76BCE} = {9DE226A0-8EE0-4F11-83D0-15DB3BA76BCE}
	EndProjectSection
EndProject
Project("{8BC9CEB8-8B4A-11D0-8D11-00A0C91BC942}") = "PomiCo.res.2.10.dll", "..\PomiCo\PomiCo.res.2.10.dll\PomiCo.res.2.10.dll.vcxproj", "{C701C4D6-2136-4CBE-87B5-7B82EAED751A}"
EndProject
Project("{8BC9CEB8-8B4A-11D0-8D11-00A0C91BC942}") = "PomiCo.res.2.15.dll", "..\PomiCo\PomiCo.res.2.15.dll\PomiCo.res.2.15.dll.vcxproj", "{F3B61B21-F4BE-44C5-84EA-CBCD6A97D943}"
EndProject
Project("{8BC9CEB8-8B4A-11D0-8D11-00A0C91BC942}") = "PomiCo.res.2.16.dll", "..\PomiCo\PomiCo.res.2.16.dll\PomiCo.res.2.16.dll.vcxproj", "{73BE91DD-D682-48E8-844C-D27A3A6F1627}"
EndProject
Project("{8BC9CEB8-8B4A-11D0-8D11-00A0C91BC942}") = "PomiCo.res.2.20.dll", "..\PomiCo\PomiCo.res.2.20.dll\PomiCo.res.2.20.dll.vcxproj", "{142B8CDD-5AD4-4FF1-B027-D728BD0B0D93}"
EndProject
Project("{8BC9CEB8-8B4A-11D0-8D11-00A0C91BC942}") = "PomiCo.res.2.25.dll", "..\PomiCo\PomiCo.res.2.25.dll\PomiCo.res.2.25.dll.vcxproj", "{927B7C8D-FC8B-4641-BF2B-586D721E5721}"
EndProject
Project("{8BC9CEB8-8B4A-11D0-8D11-00A0C91BC942}") = "PomiCo.res.2.30.dll", "..\PomiCo\PomiCo.res.2.30.dll\PomiCo.res.2.30.dll.vcxproj", "{FC19AFF8-F840-4D31-901D-78E5E8D5963A}"
EndProject
Project("{8BC9CEB8-8B4A-11D0-8D11-00A0C91BC942}") = "PomiCo.res.2.26.dll", "..\PomiCo\PomiCo.res.2.26.dll\PomiCo.res.2.26.dll.vcxproj", "{52976525-B2DC-47E8-AB9D-BEBAD562592C}"
EndProject
Project("{8BC9CEB8-8B4A-11D0-8D11-00A0C91BC942}") = "PomiCo.res.2.31.dll", "..\PomiCo\PomiCo.res.2.31.dll\PomiCo.res.2.31.dll.vcxproj", "{EF7FDF0C-68E3-40D9-BA2F-25D976851F18}"
EndProject
Project("{8BC9CEB8-8B4A-11D0-8D11-00A0C91BC942}") = "PomiCo.res.1.22.dll", "..\PomiCo\PomiCo.res.1.22.dll\PomiCo.res.1.22.dll.vcxproj", "{3084CB07-CF01-40BA-A49B-C9EC3D4E0420}"
EndProject
Project("{2150E333-8FDC-42A3-9474-1A3956D46DE8}") = "nullstub", "nullstub", "{46CEC47B-28A2-487D-A186-F4D756C42FC2}"
EndProject
Project("{8BC9CEB8-8B4A-11D0-8D11-00A0C91BC942}") = "nullstub.dll", "..\nullstub\nullstub.dll\nullstub.dll.vcxproj", "{C49122AB-629F-4C13-923B-71188177B072}"
	ProjectSection(ProjectDependencies) = postProject
		{9DE226A0-8EE0-4F11-83D0-15DB3BA76BCE} = {9DE226A0-8EE0-4F11-83D0-15DB3BA76BCE}
	EndProjectSection
EndProject
Project("{8BC9CEB8-8B4A-11D0-8D11-00A0C91BC942}") = "PomiCo.res.2.50.dll", "..\PomiCo\PomiCo.res.2.50.dll\PomiCo.res.2.50.dll.vcxproj", "{0FF41619-CB59-4AE5-AA39-F89CAE93B208}"
EndProject
Project("{8BC9CEB8-8B4A-11D0-8D11-00A0C91BC942}") = "Waffle.loader.1.0.dll", "..\Waffle\Waffle.loader.1.0.dll\Waffle.loader.1.0.dll.vcxproj", "{73C4DE97-A94E-4FB2-91B2-D71BD6E24C34}"
	ProjectSection(ProjectDependencies) = postProject
		{9DE226A0-8EE0-4F11-83D0-15DB3BA76BCE} = {9DE226A0-8EE0-4F11-83D0-15DB3BA76BCE}
	EndProjectSection
EndProject
Project("{8BC9CEB8-8B4A-11D0-8D11-00A0C91BC942}") = "PomiCo.res.2.51.dll", "..\PomiCo\PomiCo.res.2.51.dll\PomiCo.res.2.51.dll.vcxproj", "{8BD2AA43-1E2F-420F-BEDF-31967F99BDDA}"
EndProject
Global
	GlobalSection(SolutionConfigurationPlatforms) = preSolution
		Debug|ARM = Debug|ARM
		Debug|Itanium = Debug|Itanium
		Debug|Win32 = Debug|Win32
		Debug|x64 = Debug|x64
		Release|ARM = Release|ARM
		Release|Itanium = Release|Itanium
		Release|Win32 = Release|Win32
		Release|x64 = Release|x64
	EndGlobalSection
	GlobalSection(ProjectConfigurationPlatforms) = postSolution
		{9DE226A0-8EE0-4F11-83D0-15DB3BA76BCE}.Debug|ARM.ActiveCfg = Debug|ARM
		{9DE226A0-8EE0-4F11-83D0-15DB3BA76BCE}.Debug|ARM.Build.0 = Debug|ARM
		{9DE226A0-8EE0-4F11-83D0-15DB3BA76BCE}.Debug|Itanium.ActiveCfg = Debug|Itanium
		{9DE226A0-8EE0-4F11-83D0-15DB3BA76BCE}.Debug|Itanium.Build.0 = Debug|Itanium
		{9DE226A0-8EE0-4F11-83D0-15DB3BA76BCE}.Debug|Win32.ActiveCfg = Debug|Win32
		{9DE226A0-8EE0-4F11-83D0-15DB3BA76BCE}.Debug|Win32.Build.0 = Debug|Win32
		{9DE226A0-8EE0-4F11-83D0-15DB3BA76BCE}.Debug|x64.ActiveCfg = Debug|x64
		{9DE226A0-8EE0-4F11-83D0-15DB3BA76BCE}.Debug|x64.Build.0 = Debug|x64
		{9DE226A0-8EE0-4F11-83D0-15DB3BA76BCE}.Release|ARM.ActiveCfg = Release|ARM
		{9DE226A0-8EE0-4F11-83D0-15DB3BA76BCE}.Release|ARM.Build.0 = Release|ARM
		{9DE226A0-8EE0-4F11-83D0-15DB3BA76BCE}.Release|Itanium.ActiveCfg = Release|Itanium
		{9DE226A0-8EE0-4F11-83D0-15DB3BA76BCE}.Release|Itanium.Build.0 = Release|Itanium
		{9DE226A0-8EE0-4F11-83D0-15DB3BA76BCE}.Release|Win32.ActiveCfg = Release|Win32
		{9DE226A0-8EE0-4F11-83D0-15DB3BA76BCE}.Release|Win32.Build.0 = Release|Win32
		{9DE226A0-8EE0-4F11-83D0-15DB3BA76BCE}.Release|x64.ActiveCfg = Release|x64
		{9DE226A0-8EE0-4F11-83D0-15DB3BA76BCE}.Release|x64.Build.0 = Release|x64
		{BDFFB373-FB80-4470-8DDE-14E906A5CBC2}.Debug|ARM.ActiveCfg = Debug|ARM
		{BDFFB373-FB80-4470-8DDE-14E906A5CBC2}.Debug|ARM.Build.0 = Debug|ARM
		{BDFFB373-FB80-4470-8DDE-14E906A5CBC2}.Debug|Itanium.ActiveCfg = Debug|Itanium
		{BDFFB373-FB80-4470-8DDE-14E906A5CBC2}.Debug|Itanium.Build.0 = Debug|Itanium
		{BDFFB373-FB80-4470-8DDE-14E906A5CBC2}.Debug|Win32.ActiveCfg = Debug|Win32
		{BDFFB373-FB80-4470-8DDE-14E906A5CBC2}.Debug|Win32.Build.0 = Debug|Win32
		{BDFFB373-FB80-4470-8DDE-14E906A5CBC2}.Debug|x64.ActiveCfg = Debug|x64
		{BDFFB373-FB80-4470-8DDE-14E906A5CBC2}.Debug|x64.Build.0 = Debug|x64
		{BDFFB373-FB80-4470-8DDE-14E906A5CBC2}.Release|ARM.ActiveCfg = Release|ARM
		{BDFFB373-FB80-4470-8DDE-14E906A5CBC2}.Release|ARM.Build.0 = Release|ARM
		{BDFFB373-FB80-4470-8DDE-14E906A5CBC2}.Release|Itanium.ActiveCfg = Release|Itanium
		{BDFFB373-FB80-4470-8DDE-14E906A5CBC2}.Release|Itanium.Build.0 = Release|Itanium
		{BDFFB373-FB80-4470-8DDE-14E906A5CBC2}.Release|Win32.ActiveCfg = Release|Win32
		{BDFFB373-FB80-4470-8DDE-14E906A5CBC2}.Release|Win32.Build.0 = Release|Win32
		{BDFFB373-FB80-4470-8DDE-14E906A5CBC2}.Release|x64.ActiveCfg = Release|x64
		{BDFFB373-FB80-4470-8DDE-14E906A5CBC2}.Release|x64.Build.0 = Release|x64
		{A12814BB-9FAF-40CD-ADEE-95D58D092B3B}.Debug|ARM.ActiveCfg = Debug|ARM
		{A12814BB-9FAF-40CD-ADEE-95D58D092B3B}.Debug|ARM.Build.0 = Debug|ARM
		{A12814BB-9FAF-40CD-ADEE-95D58D092B3B}.Debug|Itanium.ActiveCfg = Debug|Itanium
		{A12814BB-9FAF-40CD-ADEE-95D58D092B3B}.Debug|Itanium.Build.0 = Debug|Itanium
		{A12814BB-9FAF-40CD-ADEE-95D58D092B3B}.Debug|Win32.ActiveCfg = Debug|Win32
		{A12814BB-9FAF-40CD-ADEE-95D58D092B3B}.Debug|Win32.Build.0 = Debug|Win32
		{A12814BB-9FAF-40CD-ADEE-95D58D092B3B}.Debug|x64.ActiveCfg = Debug|x64
		{A12814BB-9FAF-40CD-ADEE-95D58D092B3B}.Debug|x64.Build.0 = Debug|x64
		{A12814BB-9FAF-40CD-ADEE-95D58D092B3B}.Release|ARM.ActiveCfg = Release|ARM
		{A12814BB-9FAF-40CD-ADEE-95D58D092B3B}.Release|ARM.Build.0 = Release|ARM
		{A12814BB-9FAF-40CD-ADEE-95D58D092B3B}.Release|Itanium.ActiveCfg = Release|Itanium
		{A12814BB-9FAF-40CD-ADEE-95D58D092B3B}.Release|Itanium.Build.0 = Release|Itanium
		{A12814BB-9FAF-40CD-ADEE-95D58D092B3B}.Release|Win32.ActiveCfg = Release|Win32
		{A12814BB-9FAF-40CD-ADEE-95D58D092B3B}.Release|Win32.Build.0 = Release|Win32
		{A12814BB-9FAF-40CD-ADEE-95D58D092B3B}.Release|x64.ActiveCfg = Release|x64
		{A12814BB-9FAF-40CD-ADEE-95D58D092B3B}.Release|x64.Build.0 = Release|x64
		{30000C06-C81C-4575-98CA-E4D362F9E42E}.Debug|ARM.ActiveCfg = Release|Win32
		{30000C06-C81C-4575-98CA-E4D362F9E42E}.Debug|Itanium.ActiveCfg = Release|Win32
		{30000C06-C81C-4575-98CA-E4D362F9E42E}.Debug|Win32.ActiveCfg = Release|Win32
		{30000C06-C81C-4575-98CA-E4D362F9E42E}.Debug|Win32.Build.0 = Release|Win32
		{30000C06-C81C-4575-98CA-E4D362F9E42E}.Debug|x64.ActiveCfg = Release|Win32
		{30000C06-C81C-4575-98CA-E4D362F9E42E}.Release|ARM.ActiveCfg = Release|Win32
		{30000C06-C81C-4575-98CA-E4D362F9E42E}.Release|Itanium.ActiveCfg = Release|Win32
		{30000C06-C81C-4575-98CA-E4D362F9E42E}.Release|Win32.ActiveCfg = Release|Win32
		{30000C06-C81C-4575-98CA-E4D362F9E42E}.Release|Win32.Build.0 = Release|Win32
		{30000C06-C81C-4575-98CA-E4D362F9E42E}.Release|x64.ActiveCfg = Release|Win32
		{4EEE6038-7BB5-4965-99CF-39F13AA23EFB}.Debug|ARM.ActiveCfg = Debug|Win32
		{4EEE6038-7BB5-4965-99CF-39F13AA23EFB}.Debug|Itanium.ActiveCfg = Debug|Win32
		{4EEE6038-7BB5-4965-99CF-39F13AA23EFB}.Debug|Win32.ActiveCfg = Debug|Win32
		{4EEE6038-7BB5-4965-99CF-39F13AA23EFB}.Debug|Win32.Build.0 = Debug|Win32
		{4EEE6038-7BB5-4965-99CF-39F13AA23EFB}.Debug|x64.ActiveCfg = Debug|Win32
		{4EEE6038-7BB5-4965-99CF-39F13AA23EFB}.Release|ARM.ActiveCfg = Release|Win32
		{4EEE6038-7BB5-4965-99CF-39F13AA23EFB}.Release|Itanium.ActiveCfg = Release|Win32
		{4EEE6038-7BB5-4965-99CF-39F13AA23EFB}.Release|Win32.ActiveCfg = Release|Win32
		{4EEE6038-7BB5-4965-99CF-39F13AA23EFB}.Release|Win32.Build.0 = Release|Win32
		{4EEE6038-7BB5-4965-99CF-39F13AA23EFB}.Release|x64.ActiveCfg = Release|Win32
		{C701C4D6-2136-4CBE-87B5-7B82EAED751A}.Debug|ARM.ActiveCfg = Release|Win32
		{C701C4D6-2136-4CBE-87B5-7B82EAED751A}.Debug|Itanium.ActiveCfg = Release|Win32
		{C701C4D6-2136-4CBE-87B5-7B82EAED751A}.Debug|Win32.ActiveCfg = Release|Win32
		{C701C4D6-2136-4CBE-87B5-7B82EAED751A}.Debug|Win32.Build.0 = Release|Win32
		{C701C4D6-2136-4CBE-87B5-7B82EAED751A}.Debug|x64.ActiveCfg = Release|Win32
		{C701C4D6-2136-4CBE-87B5-7B82EAED751A}.Release|ARM.ActiveCfg = Release|Win32
		{C701C4D6-2136-4CBE-87B5-7B82EAED751A}.Release|Itanium.ActiveCfg = Release|Win32
		{C701C4D6-2136-4CBE-87B5-7B82EAED751A}.Release|Win32.ActiveCfg = Release|Win32
		{C701C4D6-2136-4CBE-87B5-7B82EAED751A}.Release|Win32.Build.0 = Release|Win32
		{C701C4D6-2136-4CBE-87B5-7B82EAED751A}.Release|x64.ActiveCfg = Release|Win32
		{F3B61B21-F4BE-44C5-84EA-CBCD6A97D943}.Debug|ARM.ActiveCfg = Release|Win32
		{F3B61B21-F4BE-44C5-84EA-CBCD6A97D943}.Debug|Itanium.ActiveCfg = Release|Win32
		{F3B61B21-F4BE-44C5-84EA-CBCD6A97D943}.Debug|Win32.ActiveCfg = Release|Win32
		{F3B61B21-F4BE-44C5-84EA-CBCD6A97D943}.Debug|Win32.Build.0 = Release|Win32
		{F3B61B21-F4BE-44C5-84EA-CBCD6A97D943}.Debug|x64.ActiveCfg = Release|Win32
		{F3B61B21-F4BE-44C5-84EA-CBCD6A97D943}.Release|ARM.ActiveCfg = Release|Win32
		{F3B61B21-F4BE-44C5-84EA-CBCD6A97D943}.Release|Itanium.ActiveCfg = Release|Win32
		{F3B61B21-F4BE-44C5-84EA-CBCD6A97D943}.Release|Win32.ActiveCfg = Release|Win32
		{F3B61B21-F4BE-44C5-84EA-CBCD6A97D943}.Release|Win32.Build.0 = Release|Win32
		{F3B61B21-F4BE-44C5-84EA-CBCD6A97D943}.Release|x64.ActiveCfg = Release|Win32
		{73BE91DD-D682-48E8-844C-D27A3A6F1627}.Debug|ARM.ActiveCfg = Release|Win32
		{73BE91DD-D682-48E8-844C-D27A3A6F1627}.Debug|Itanium.ActiveCfg = Release|Win32
		{73BE91DD-D682-48E8-844C-D27A3A6F1627}.Debug|Win32.ActiveCfg = Release|Win32
		{73BE91DD-D682-48E8-844C-D27A3A6F1627}.Debug|Win32.Build.0 = Release|Win32
		{73BE91DD-D682-48E8-844C-D27A3A6F1627}.Debug|x64.ActiveCfg = Release|Win32
		{73BE91DD-D682-48E8-844C-D27A3A6F1627}.Release|ARM.ActiveCfg = Release|Win32
		{73BE91DD-D682-48E8-844C-D27A3A6F1627}.Release|Itanium.ActiveCfg = Release|Win32
		{73BE91DD-D682-48E8-844C-D27A3A6F1627}.Release|Win32.ActiveCfg = Release|Win32
		{73BE91DD-D682-48E8-844C-D27A3A6F1627}.Release|Win32.Build.0 = Release|Win32
		{73BE91DD-D682-48E8-844C-D27A3A6F1627}.Release|x64.ActiveCfg = Release|Win32
		{142B8CDD-5AD4-4FF1-B027-D728BD0B0D93}.Debug|ARM.ActiveCfg = Release|Win32
		{142B8CDD-5AD4-4FF1-B027-D728BD0B0D93}.Debug|Itanium.ActiveCfg = Release|Win32
		{142B8CDD-5AD4-4FF1-B027-D728BD0B0D93}.Debug|Win32.ActiveCfg = Release|Win32
		{142B8CDD-5AD4-4FF1-B027-D728BD0B0D93}.Debug|Win32.Build.0 = Release|Win32
		{142B8CDD-5AD4-4FF1-B027-D728BD0B0D93}.Debug|x64.ActiveCfg = Release|Win32
		{142B8CDD-5AD4-4FF1-B027-D728BD0B0D93}.Release|ARM.ActiveCfg = Release|Win32
		{142B8CDD-5AD4-4FF1-B027-D728BD0B0D93}.Release|Itanium.ActiveCfg = Release|Win32
		{142B8CDD-5AD4-4FF1-B027-D728BD0B0D93}.Release|Win32.ActiveCfg = Release|Win32
		{142B8CDD-5AD4-4FF1-B027-D728BD0B0D93}.Release|Win32.Build.0 = Release|Win32
		{142B8CDD-5AD4-4FF1-B027-D728BD0B0D93}.Release|x64.ActiveCfg = Release|Win32
		{927B7C8D-FC8B-4641-BF2B-586D721E5721}.Debug|ARM.ActiveCfg = Release|Win32
		{927B7C8D-FC8B-4641-BF2B-586D721E5721}.Debug|Itanium.ActiveCfg = Release|Win32
		{927B7C8D-FC8B-4641-BF2B-586D721E5721}.Debug|Win32.ActiveCfg = Release|Win32
		{927B7C8D-FC8B-4641-BF2B-586D721E5721}.Debug|Win32.Build.0 = Release|Win32
		{927B7C8D-FC8B-4641-BF2B-586D721E5721}.Debug|x64.ActiveCfg = Release|Win32
		{927B7C8D-FC8B-4641-BF2B-586D721E5721}.Release|ARM.ActiveCfg = Release|Win32
		{927B7C8D-FC8B-4641-BF2B-586D721E5721}.Release|Itanium.ActiveCfg = Release|Win32
		{927B7C8D-FC8B-4641-BF2B-586D721E5721}.Release|Win32.ActiveCfg = Release|Win32
		{927B7C8D-FC8B-4641-BF2B-586D721E5721}.Release|Win32.Build.0 = Release|Win32
		{927B7C8D-FC8B-4641-BF2B-586D721E5721}.Release|x64.ActiveCfg = Release|Win32
		{FC19AFF8-F840-4D31-901D-78E5E8D5963A}.Debug|ARM.ActiveCfg = Release|Win32
		{FC19AFF8-F840-4D31-901D-78E5E8D5963A}.Debug|Itanium.ActiveCfg = Release|Win32
		{FC19AFF8-F840-4D31-901D-78E5E8D5963A}.Debug|Win32.ActiveCfg = Release|Win32
		{FC19AFF8-F840-4D31-901D-78E5E8D5963A}.Debug|Win32.Build.0 = Release|Win32
		{FC19AFF8-F840-4D31-901D-78E5E8D5963A}.Debug|x64.ActiveCfg = Release|Win32
		{FC19AFF8-F840-4D31-901D-78E5E8D5963A}.Release|ARM.ActiveCfg = Release|Win32
		{FC19AFF8-F840-4D31-901D-78E5E8D5963A}.Release|Itanium.ActiveCfg = Release|Win32
		{FC19AFF8-F840-4D31-901D-78E5E8D5963A}.Release|Win32.ActiveCfg = Release|Win32
		{FC19AFF8-F840-4D31-901D-78E5E8D5963A}.Release|Win32.Build.0 = Release|Win32
		{FC19AFF8-F840-4D31-901D-78E5E8D5963A}.Release|x64.ActiveCfg = Release|Win32
		{52976525-B2DC-47E8-AB9D-BEBAD562592C}.Debug|ARM.ActiveCfg = Release|Win32
		{52976525-B2DC-47E8-AB9D-BEBAD562592C}.Debug|Itanium.ActiveCfg = Release|Win32
		{52976525-B2DC-47E8-AB9D-BEBAD562592C}.Debug|Win32.ActiveCfg = Release|Win32
		{52976525-B2DC-47E8-AB9D-BEBAD562592C}.Debug|Win32.Build.0 = Release|Win32
		{52976525-B2DC-47E8-AB9D-BEBAD562592C}.Debug|x64.ActiveCfg = Release|Win32
		{52976525-B2DC-47E8-AB9D-BEBAD562592C}.Release|ARM.ActiveCfg = Release|Win32
		{52976525-B2DC-47E8-AB9D-BEBAD562592C}.Release|Itanium.ActiveCfg = Release|Win32
		{52976525-B2DC-47E8-AB9D-BEBAD562592C}.Release|Win32.ActiveCfg = Release|Win32
		{52976525-B2DC-47E8-AB9D-BEBAD562592C}.Release|Win32.Build.0 = Release|Win32
		{52976525-B2DC-47E8-AB9D-BEBAD562592C}.Release|x64.ActiveCfg = Release|Win32
		{EF7FDF0C-68E3-40D9-BA2F-25D976851F18}.Debug|ARM.ActiveCfg = Release|Win32
		{EF7FDF0C-68E3-40D9-BA2F-25D976851F18}.Debug|Itanium.ActiveCfg = Release|Win32
		{EF7FDF0C-68E3-40D9-BA2F-25D976851F18}.Debug|Win32.ActiveCfg = Release|Win32
		{EF7FDF0C-68E3-40D9-BA2F-25D976851F18}.Debug|Win32.Build.0 = Release|Win32
		{EF7FDF0C-68E3-40D9-BA2F-25D976851F18}.Debug|x64.ActiveCfg = Release|Win32
		{EF7FDF0C-68E3-40D9-BA2F-25D976851F18}.Release|ARM.ActiveCfg = Release|Win32
		{EF7FDF0C-68E3-40D9-BA2F-25D976851F18}.Release|Itanium.ActiveCfg = Release|Win32
		{EF7FDF0C-68E3-40D9-BA2F-25D976851F18}.Release|Win32.ActiveCfg = Release|Win32
		{EF7FDF0C-68E3-40D9-BA2F-25D976851F18}.Release|Win32.Build.0 = Release|Win32
		{EF7FDF0C-68E3-40D9-BA2F-25D976851F18}.Release|x64.ActiveCfg = Release|Win32
		{3084CB07-CF01-40BA-A49B-C9EC3D4E0420}.Debug|ARM.ActiveCfg = Release|Win32
		{3084CB07-CF01-40BA-A49B-C9EC3D4E0420}.Debug|Itanium.ActiveCfg = Release|Win32
		{3084CB07-CF01-40BA-A49B-C9EC3D4E0420}.Debug|Win32.ActiveCfg = Release|Win32
		{3084CB07-CF01-40BA-A49B-C9EC3D4E0420}.Debug|Win32.Build.0 = Release|Win32
		{3084CB07-CF01-40BA-A49B-C9EC3D4E0420}.Debug|x64.ActiveCfg = Release|Win32
		{3084CB07-CF01-40BA-A49B-C9EC3D4E0420}.Release|ARM.ActiveCfg = Release|Win32
		{3084CB07-CF01-40BA-A49B-C9EC3D4E0420}.Release|Itanium.ActiveCfg = Release|Win32
		{3084CB07-CF01-40BA-A49B-C9EC3D4E0420}.Release|Win32.ActiveCfg = Release|Win32
		{3084CB07-CF01-40BA-A49B-C9EC3D4E0420}.Release|Win32.Build.0 = Release|Win32
		{3084CB07-CF01-40BA-A49B-C9EC3D4E0420}.Release|x64.ActiveCfg = Release|Win32
		{C49122AB-629F-4C13-923B-71188177B072}.Debug|ARM.ActiveCfg = Debug|ARM
		{C49122AB-629F-4C13-923B-71188177B072}.Debug|ARM.Build.0 = Debug|ARM
		{C49122AB-629F-4C13-923B-71188177B072}.Debug|Itanium.ActiveCfg = Debug|Itanium
		{C49122AB-629F-4C13-923B-71188177B072}.Debug|Itanium.Build.0 = Debug|Itanium
		{C49122AB-629F-4C13-923B-71188177B072}.Debug|Win32.ActiveCfg = Debug|Win32
		{C49122AB-629F-4C13-923B-71188177B072}.Debug|Win32.Build.0 = Debug|Win32
		{C49122AB-629F-4C13-923B-71188177B072}.Debug|x64.ActiveCfg = Debug|x64
		{C49122AB-629F-4C13-923B-71188177B072}.Debug|x64.Build.0 = Debug|x64
		{C49122AB-629F-4C13-923B-71188177B072}.Release|ARM.ActiveCfg = Release|ARM
		{C49122AB-629F-4C13-923B-71188177B072}.Release|ARM.Build.0 = Release|ARM
		{C49122AB-629F-4C13-923B-71188177B072}.Release|Itanium.ActiveCfg = Release|Itanium
		{C49122AB-629F-4C13-923B-71188177B072}.Release|Itanium.Build.0 = Release|Itanium
		{C49122AB-629F-4C13-923B-71188177B072}.Release|Win32.ActiveCfg = Release|Win32
		{C49122AB-629F-4C13-923B-71188177B072}.Release|Win32.Build.0 = Release|Win32
		{C49122AB-629F-4C13-923B-71188177B072}.Release|x64.ActiveCfg = Release|x64
		{C49122AB-629F-4C13-923B-71188177B072}.Release|x64.Build.0 = Release|x64
		{0FF41619-CB59-4AE5-AA39-F89CAE93B208}.Debug|ARM.ActiveCfg = Release|Win32
		{0FF41619-CB59-4AE5-AA39-F89CAE93B208}.Debug|Itanium.ActiveCfg = Release|Win32
		{0FF41619-CB59-4AE5-AA39-F89CAE93B208}.Debug|Win32.ActiveCfg = Release|Win32
		{0FF41619-CB59-4AE5-AA39-F89CAE93B208}.Debug|Win32.Build.0 = Release|Win32
		{0FF41619-CB59-4AE5-AA39-F89CAE93B208}.Debug|x64.ActiveCfg = Release|Win32
		{0FF41619-CB59-4AE5-AA39-F89CAE93B208}.Release|ARM.ActiveCfg = Release|Win32
		{0FF41619-CB59-4AE5-AA39-F89CAE93B208}.Release|Itanium.ActiveCfg = Release|Win32
		{0FF41619-CB59-4AE5-AA39-F89CAE93B208}.Release|Win32.ActiveCfg = Release|Win32
		{0FF41619-CB59-4AE5-AA39-F89CAE93B208}.Release|Win32.Build.0 = Release|Win32
		{0FF41619-CB59-4AE5-AA39-F89CAE93B208}.Release|x64.ActiveCfg = Release|Win32
		{73C4DE97-A94E-4FB2-91B2-D71BD6E24C34}.Debug|ARM.ActiveCfg = Debug|ARM
		{73C4DE97-A94E-4FB2-91B2-D71BD6E24C34}.Debug|ARM.Build.0 = Debug|ARM
		{73C4DE97-A94E-4FB2-91B2-D71BD6E24C34}.Debug|Itanium.ActiveCfg = Debug|Itanium
		{73C4DE97-A94E-4FB2-91B2-D71BD6E24C34}.Debug|Itanium.Build.0 = Debug|Itanium
		{73C4DE97-A94E-4FB2-91B2-D71BD6E24C34}.Debug|Win32.ActiveCfg = Debug|Win32
		{73C4DE97-A94E-4FB2-91B2-D71BD6E24C34}.Debug|Win32.Build.0 = Debug|Win32
		{73C4DE97-A94E-4FB2-91B2-D71BD6E24C34}.Debug|x64.ActiveCfg = Debug|x64
		{73C4DE97-A94E-4FB2-91B2-D71BD6E24C34}.Debug|x64.Build.0 = Debug|x64
		{73C4DE97-A94E-4FB2-91B2-D71BD6E24C34}.Release|ARM.ActiveCfg = Release|ARM
		{73C4DE97-A94E-4FB2-91B2-D71BD6E24C34}.Release|ARM.Build.0 = Release|ARM
		{73C4DE97-A94E-4FB2-91B2-D71BD6E24C34}.Release|Itanium.ActiveCfg = Release|Itanium
		{73C4DE97-A94E-4FB2-91B2-D71BD6E24C34}.Release|Itanium.Build.0 = Release|Itanium
		{73C4DE97-A94E-4FB2-91B2-D71BD6E24C34}.Release|Win32.ActiveCfg = Release|Win32
		{73C4DE97-A94E-4FB2-91B2-D71BD6E24C34}.Release|Win32.Build.0 = Release|Win32
		{73C4DE97-A94E-4FB2-91B2-D71BD6E24C34}.Release|x64.ActiveCfg = Release|x64
		{73C4DE97-A94E-4FB2-91B2-D71BD6E24C34}.Release|x64.Build.0 = Release|x64
		{8BD2AA43-1E2F-420F-BEDF-31967F99BDDA}.Debug|ARM.ActiveCfg = Release|Win32
		{8BD2AA43-1E2F-420F-BEDF-31967F99BDDA}.Debug|Itanium.ActiveCfg = Release|Win32
		{8BD2AA43-1E2F-420F-BEDF-31967F99BDDA}.Debug|Win32.ActiveCfg = Release|Win32
		{8BD2AA43-1E2F-420F-BEDF-31967F99BDDA}.Debug|Win32.Build.0 = Release|Win32
		{8BD2AA43-1E2F-420F-BEDF-31967F99BDDA}.Debug|x64.ActiveCfg = Release|Win32
		{8BD2AA43-1E2F-420F-BEDF-31967F99BDDA}.Release|ARM.ActiveCfg = Release|Win32
		{8BD2AA43-1E2F-420F-BEDF-31967F99BDDA}.Release|Itanium.ActiveCfg = Release|Win32
		{8BD2AA43-1E2F-420F-BEDF-31967F99BDDA}.Release|Win32.ActiveCfg = Release|Win32
		{8BD2AA43-1E2F-420F-BEDF-31967F99BDDA}.Release|Win32.Build.0 = Release|Win32
		{8BD2AA43-1E2F-420F-BEDF-31967F99BDDA}.Release|x64.ActiveCfg = Release|Win32
	EndGlobalSection
	GlobalSection(SolutionProperties) = preSolution
		HideSolutionNode = FALSE
	EndGlobalSection
	GlobalSection(NestedProjects) = preSolution
		{BDFFB373-FB80-4470-8DDE-14E906A5CBC2} = {DB498AAF-B98F-4670-818A-54BA22A9D976}
		{9DE226A0-8EE0-4F11-83D0-15DB3BA76BCE} = {DB498AAF-B98F-4670-818A-54BA22A9D976}
		{73C4DE97-A94E-4FB2-91B2-D71BD6E24C34} = {DB498AAF-B98F-4670-818A-54BA22A9D976}
		{A12814BB-9FAF-40CD-ADEE-95D58D092B3B} = {4F44CE89-F1FD-4962-ABC8-652E40E7F0E6}
		{30000C06-C81C-4575-98CA-E4D362F9E42E} = {ACE7AD1C-46B0-40B6-A8A9-CF8F69D226D2}
		{4EEE6038-7BB5-4965-99CF-39F13AA23EFB} = {ACE7AD1C-46B0-40B6-A8A9-CF8F69D226D2}
		{C701C4D6-2136-4CBE-87B5-7B82EAED751A} = {ACE7AD1C-46B0-40B6-A8A9-CF8F69D226D2}
		{F3B61B21-F4BE-44C5-84EA-CBCD6A97D943} = {ACE7AD1C-46B0-40B6-A8A9-CF8F69D226D2}
		{73BE91DD-D682-48E8-844C-D27A3A6F1627} = {ACE7AD1C-46B0-40B6-A8A9-CF8F69D226D2}
		{142B8CDD-5AD4-4FF1-B027-D728BD0B0D93} = {ACE7AD1C-46B0-40B6-A8A9-CF8F69D226D2}
		{927B7C8D-FC8B-4641-BF2B-586D721E5721} = {ACE7AD1C-46B0-40B6-A8A9-CF8F69D226D2}
		{FC19AFF8-F840-4D31-901D-78E5E8D5963A} = {ACE7AD1C-46B0-40B6-A8A9-CF8F69D226D2}
		{52976525-B2DC-47E8-AB9D-BEBAD562592C} = {ACE7AD1C-46B0-40B6-A8A9-CF8F69D226D2}
		{EF7FDF0C-68E3-40D9-BA2F-25D976851F18} = {ACE7AD1C-46B0-40B6-A8A9-CF8F69D226D2}
		{3084CB07-CF01-40BA-A49B-C9EC3D4E0420} = {ACE7AD1C-46B0-40B6-A8A9-CF8F69D226D2}
		{0FF41619-CB59-4AE5-AA39-F89CAE93B208} = {ACE7AD1C-46B0-40B6-A8A9-CF8F69D226D2}
		{8BD2AA43-1E2F-420F-BEDF-31967F99BDDA} = {ACE7AD1C-46B0-40B6-A8A9-CF8F69D226D2}
		{C49122AB-629F-4C13-923B-71188177B072} = {46CEC47B-28A2-487D-A186-F4D756C42FC2}
	EndGlobalSection
EndGlobal
